
Microsoft Visual Studio Solution File, Format Version 12.00
# Visual Studio 15
Project("{FAE04EC0-301F-11D3-BF4B-00C04F79EFBC}") = "XamFormsTVSeries.Android", "XamFormsTVSeries.Android\XamFormsTVSeries.Android.csproj", "{B0CC8FDF-8622-4BCA-845A-F3896EE52B09}"
EndProject
Project("{FAE04EC0-301F-11D3-BF4B-00C04F79EFBC}") = "XamFormsTVSeries.iOS", "XamFormsTVSeries.iOS\XamFormsTVSeries.iOS.csproj", "{6301E93A-D699-450F-B0F6-B983D0EF0ADE}"
EndProject
Project("{FAE04EC0-301F-11D3-BF4B-00C04F79EFBC}") = "XamFormsTVSeries", "XamFormsTVSeries\XamFormsTVSeries.csproj", "{A9A93DBD-1400-4342-A1BE-A1BA5D299A6C}"
EndProject
Global
	GlobalSection(SolutionConfigurationPlatforms) = preSolution
		Debug|Any CPU = Debug|Any CPU
		Release|Any CPU = Release|Any CPU
		Debug|iPhoneSimulator = Debug|iPhoneSimulator
		Release|iPhoneSimulator = Release|iPhoneSimulator
		Debug|iPhone = Debug|iPhone
		Release|iPhone = Release|iPhone
		Ad-Hoc|iPhone = Ad-Hoc|iPhone
		AppStore|iPhone = AppStore|iPhone
	EndGlobalSection
	GlobalSection(ProjectConfigurationPlatforms) = postSolution
		{B0CC8FDF-8622-4BCA-845A-F3896EE52B09}.Debug|Any CPU.ActiveCfg = Debug|Any CPU
		{B0CC8FDF-8622-4BCA-845A-F3896EE52B09}.Debug|Any CPU.Build.0 = Debug|Any CPU
		{B0CC8FDF-8622-4BCA-845A-F3896EE52B09}.Release|Any CPU.ActiveCfg = Release|Any CPU
		{B0CC8FDF-8622-4BCA-845A-F3896EE52B09}.Release|Any CPU.Build.0 = Release|Any CPU
		{B0CC8FDF-8622-4BCA-845A-F3896EE52B09}.Debug|iPhoneSimulator.ActiveCfg = Debug|Any CPU
		{B0CC8FDF-8622-4BCA-845A-F3896EE52B09}.Debug|iPhoneSimulator.Build.0 = Debug|Any CPU
		{B0CC8FDF-8622-4BCA-845A-F3896EE52B09}.Release|iPhoneSimulator.ActiveCfg = Release|Any CPU
		{B0CC8FDF-8622-4BCA-845A-F3896EE52B09}.Release|iPhoneSimulator.Build.0 = Release|Any CPU
		{B0CC8FDF-8622-4BCA-845A-F3896EE52B09}.Debug|iPhone.ActiveCfg = Debug|Any CPU
		{B0CC8FDF-8622-4BCA-845A-F3896EE52B09}.Debug|iPhone.Build.0 = Debug|Any CPU
		{B0CC8FDF-8622-4BCA-845A-F3896EE52B09}.Release|iPhone.ActiveCfg = Release|Any CPU
		{B0CC8FDF-8622-4BCA-845A-F3896EE52B09}.Release|iPhone.Build.0 = Release|Any CPU
		{B0CC8FDF-8622-4BCA-845A-F3896EE52B09}.Ad-Hoc|iPhone.ActiveCfg = Debug|Any CPU
		{B0CC8FDF-8622-4BCA-845A-F3896EE52B09}.Ad-Hoc|iPhone.Build.0 = Debug|Any CPU
		{B0CC8FDF-8622-4BCA-845A-F3896EE52B09}.AppStore|iPhone.ActiveCfg = Debug|Any CPU
		{B0CC8FDF-8622-4BCA-845A-F3896EE52B09}.AppStore|iPhone.Build.0 = Debug|Any CPU
		{6301E93A-D699-450F-B0F6-B983D0EF0ADE}.Debug|Any CPU.ActiveCfg = Debug|iPhoneSimulator
		{6301E93A-D699-450F-B0F6-B983D0EF0ADE}.Debug|Any CPU.Build.0 = Debug|iPhoneSimulator
		{6301E93A-D699-450F-B0F6-B983D0EF0ADE}.Release|Any CPU.ActiveCfg = Release|iPhoneSimulator
		{6301E93A-D699-450F-B0F6-B983D0EF0ADE}.Release|Any CPU.Build.0 = Release|iPhoneSimulator
		{6301E93A-D699-450F-B0F6-B983D0EF0ADE}.Debug|iPhoneSimulator.ActiveCfg = Debug|iPhoneSimulator
		{6301E93A-D699-450F-B0F6-B983D0EF0ADE}.Debug|iPhoneSimulator.Build.0 = Debug|iPhoneSimulator
		{6301E93A-D699-450F-B0F6-B983D0EF0ADE}.Release|iPhoneSimulator.ActiveCfg = Release|iPhoneSimulator
		{6301E93A-D699-450F-B0F6-B983D0EF0ADE}.Release|iPhoneSimulator.Build.0 = Release|iPhoneSimulator
		{6301E93A-D699-450F-B0F6-B983D0EF0ADE}.Debug|iPhone.ActiveCfg = Debug|iPhone
		{6301E93A-D699-450F-B0F6-B983D0EF0ADE}.Debug|iPhone.Build.0 = Debug|iPhone
		{6301E93A-D699-450F-B0F6-B983D0EF0ADE}.Release|iPhone.ActiveCfg = Release|iPhone
		{6301E93A-D699-450F-B0F6-B983D0EF0ADE}.Release|iPhone.Build.0 = Release|iPhone
		{6301E93A-D699-450F-B0F6-B983D0EF0ADE}.Ad-Hoc|iPhone.ActiveCfg = Ad-Hoc|iPhone
		{6301E93A-D699-450F-B0F6-B983D0EF0ADE}.Ad-Hoc|iPhone.Build.0 = Ad-Hoc|iPhone
		{6301E93A-D699-450F-B0F6-B983D0EF0ADE}.AppStore|iPhone.ActiveCfg = AppStore|iPhone
		{6301E93A-D699-450F-B0F6-B983D0EF0ADE}.AppStore|iPhone.Build.0 = AppStore|iPhone
		{A9A93DBD-1400-4342-A1BE-A1BA5D299A6C}.Debug|Any CPU.ActiveCfg = Debug|Any CPU
		{A9A93DBD-1400-4342-A1BE-A1BA5D299A6C}.Debug|Any CPU.Build.0 = Debug|Any CPU
		{A9A93DBD-1400-4342-A1BE-A1BA5D299A6C}.Release|Any CPU.ActiveCfg = Release|Any CPU
		{A9A93DBD-1400-4342-A1BE-A1BA5D299A6C}.Release|Any CPU.Build.0 = Release|Any CPU
		{A9A93DBD-1400-4342-A1BE-A1BA5D299A6C}.Debug|iPhoneSimulator.ActiveCfg = Debug|Any CPU
		{A9A93DBD-1400-4342-A1BE-A1BA5D299A6C}.Debug|iPhoneSimulator.Build.0 = Debug|Any CPU
		{A9A93DBD-1400-4342-A1BE-A1BA5D299A6C}.Release|iPhoneSimulator.ActiveCfg = Release|Any CPU
		{A9A93DBD-1400-4342-A1BE-A1BA5D299A6C}.Release|iPhoneSimulator.Build.0 = Release|Any CPU
		{A9A93DBD-1400-4342-A1BE-A1BA5D299A6C}.Debug|iPhone.ActiveCfg = Debug|Any CPU
		{A9A93DBD-1400-4342-A1BE-A1BA5D299A6C}.Debug|iPhone.Build.0 = Debug|Any CPU
		{A9A93DBD-1400-4342-A1BE-A1BA5D299A6C}.Release|iPhone.ActiveCfg = Release|Any CPU
		{A9A93DBD-1400-4342-A1BE-A1BA5D299A6C}.Release|iPhone.Build.0 = Release|Any CPU
		{A9A93DBD-1400-4342-A1BE-A1BA5D299A6C}.Ad-Hoc|iPhone.ActiveCfg = Debug|Any CPU
		{A9A93DBD-1400-4342-A1BE-A1BA5D299A6C}.Ad-Hoc|iPhone.Build.0 = Debug|Any CPU
		{A9A93DBD-1400-4342-A1BE-A1BA5D299A6C}.AppStore|iPhone.ActiveCfg = Debug|Any CPU
		{A9A93DBD-1400-4342-A1BE-A1BA5D299A6C}.AppStore|iPhone.Build.0 = Debug|Any CPU
	EndGlobalSection
EndGlobal
